<?xml version="1.0" encoding="utf-8"?>
<Project ToolsVersion="4.0" xmlns="http://schemas.microsoft.com/developer/msbuild/2003">
  <ItemGroup>
    <Filter Include="gl4">
      <UniqueIdentifier>{e2e3588d-b16d-4a0f-9ac8-d3b22cb89c9c}</UniqueIdentifier>
    </Filter>
    <Filter Include="win32">
      <UniqueIdentifier>{1bd84346-f25d-4f77-ad0c-ed0818aba7bc}</UniqueIdentifier>
    </Filter>
    <Filter Include="external">
      <UniqueIdentifier>{fbba8570-7cbb-49ae-9f1d-95f6c65220ff}</UniqueIdentifier>
    </Filter>
    <Filter Include="game">
      <UniqueIdentifier>{8ad08c03-7f14-4498-809f-429e4dacd1fa}</UniqueIdentifier>
    </Filter>
    <Filter Include="common">
      <UniqueIdentifier>{b709448d-b00c-4e14-9f24-48ed20074f5e}</UniqueIdentifier>
    </Filter>
    <Filter Include="raspi">
      <UniqueIdentifier>{4f0f96c2-c202-4846-b475-ec6fa3ad2692}</UniqueIdentifier>
    </Filter>
    <Filter Include="gles2">
      <UniqueIdentifier>{28c1234e-d320-4900-8c13-0dd9a33cadfb}</UniqueIdentifier>
    </Filter>
  </ItemGroup>
  <ItemGroup>
    <ClCompile Include="win32\win_display.cpp">
      <Filter>win32</Filter>
    </ClCompile>
    <ClCompile Include="win32\win_input.cpp">
      <Filter>win32</Filter>
    </ClCompile>
    <ClCompile Include="win32\win_main.cpp">
      <Filter>win32</Filter>
    </ClCompile>
    <ClCompile Include="win32\win_wndproc.cpp">
      <Filter>win32</Filter>
    </ClCompile>
    <ClCompile Include="game\ost_main.cpp">
      <Filter>game</Filter>
    </ClCompile>
    <ClCompile Include="gl4\gl4_renderer.cpp">
      <Filter>gl4</Filter>
    </ClCompile>
    <ClCompile Include="common\console.cpp">
      <Filter>common</Filter>
    </ClCompile>
    <ClCompile Include="common\datetime.cpp">
      <Filter>common</Filter>
    </ClCompile>
    <ClCompile Include="common\filesystem.cpp">
      <Filter>common</Filter>
    </ClCompile>
    <ClCompile Include="common\signal.cpp">
      <Filter>common</Filter>
    </ClCompile>
    <ClCompile Include="common\utility.cpp">
      <Filter>common</Filter>
    </ClCompile>
    <ClCompile Include="game\eventqueue.cpp">
      <Filter>game</Filter>
    </ClCompile>
    <ClCompile Include="game\msg_system.cpp">
      <Filter>game</Filter>
    </ClCompile>
    <ClCompile Include="game\msg_info.cpp">
      <Filter>game</Filter>
    </ClCompile>
    <ClCompile Include="raspi\raspi_display.cpp">
      <Filter>raspi</Filter>
    </ClCompile>
    <ClCompile Include="raspi\raspi_input.cpp">
      <Filter>raspi</Filter>
    </ClCompile>
    <ClCompile Include="raspi\raspi_main.cpp">
      <Filter>raspi</Filter>
    </ClCompile>
    <ClCompile Include="gles2\gles2_renderer.cpp">
      <Filter>gles2</Filter>
    </ClCompile>
    <ClCompile Include="game\msg_input.cpp">
      <Filter>game</Filter>
    </ClCompile>
  </ItemGroup>
  <ItemGroup>
    <ClInclude Include="win32\win_display.h">
      <Filter>win32</Filter>
    </ClInclude>
    <ClInclude Include="win32\win_input.h">
      <Filter>win32</Filter>
    </ClInclude>
    <ClInclude Include="win32\win_wndproc.h">
      <Filter>win32</Filter>
    </ClInclude>
    <ClInclude Include="game\i_display.h">
      <Filter>game</Filter>
    </ClInclude>
    <ClInclude Include="game\i_input.h">
      <Filter>game</Filter>
    </ClInclude>
    <ClInclude Include="game\i_renderer.h">
      <Filter>game</Filter>
    </ClInclude>
    <ClInclude Include="game\ost_main.h">
      <Filter>game</Filter>
    </ClInclude>
    <ClInclude Include="game\ost_version.h">
      <Filter>game</Filter>
    </ClInclude>
    <ClInclude Include="gl4\gl4_renderer.h">
      <Filter>gl4</Filter>
    </ClInclude>
    <ClInclude Include="external\gl\glcorearb.h">
      <Filter>external</Filter>
    </ClInclude>
    <ClInclude Include="external\gl\glext.h">
      <Filter>external</Filter>
    </ClInclude>
    <ClInclude Include="external\gl\glxext.h">
      <Filter>external</Filter>
    </ClInclude>
    <ClInclude Include="external\gl\wgl.h">
      <Filter>external</Filter>
    </ClInclude>
    <ClInclude Include="external\gl\wglext.h">
      <Filter>external</Filter>
    </ClInclude>
    <ClInclude Include="common\console.h">
      <Filter>common</Filter>
    </ClInclude>
    <ClInclude Include="common\datetime.h">
      <Filter>common</Filter>
    </ClInclude>
    <ClInclude Include="common\error.h">
      <Filter>common</Filter>
    </ClInclude>
    <ClInclude Include="common\filesystem.h">
      <Filter>common</Filter>
    </ClInclude>
    <ClInclude Include="common\ost_common.h">
      <Filter>common</Filter>
    </ClInclude>
    <ClInclude Include="common\signal.h">
      <Filter>common</Filter>
    </ClInclude>
    <ClInclude Include="common\utility.h">
      <Filter>common</Filter>
    </ClInclude>
    <ClInclude Include="game\keydef.h">
      <Filter>game</Filter>
    </ClInclude>
    <ClInclude Include="game\i_message.h">
      <Filter>game</Filter>
    </ClInclude>
    <ClInclude Include="game\msg_input.h">
      <Filter>game</Filter>
    </ClInclude>
    <ClInclude Include="game\eventqueue.h">
      <Filter>game</Filter>
    </ClInclude>
    <ClInclude Include="game\msg_info.h">
      <Filter>game</Filter>
    </ClInclude>
    <ClInclude Include="game\msg_system.h">
      <Filter>game</Filter>
    </ClInclude>
    <ClInclude Include="raspi\raspi_display.h">
      <Filter>raspi</Filter>
    </ClInclude>
    <ClInclude Include="raspi\raspi_input.h">
      <Filter>raspi</Filter>
    </ClInclude>
    <ClInclude Include="gles2\gles2_renderer.h">
      <Filter>gles2</Filter>
    </ClInclude>
  </ItemGroup>
</Project>