<?xml version="1.0" encoding="utf-8"?>
<Project ToolsVersion="4.0" xmlns="http://schemas.microsoft.com/developer/msbuild/2003">
  <ItemGroup>
    <ClCompile Include="win32\win_translatekey_test.cpp">
      <Filter>targets</Filter>
    </ClCompile>
    <ClCompile Include="..\common\datetime.cpp">
      <Filter>canary\common</Filter>
    </ClCompile>
    <ClCompile Include="..\common\filesystem.cpp">
      <Filter>canary\common</Filter>
    </ClCompile>
    <ClCompile Include="..\common\utility.cpp">
      <Filter>canary\common</Filter>
    </ClCompile>
    <ClCompile Include="..\common\win32\win_datetime.cpp">
      <Filter>canary\common\win32</Filter>
    </ClCompile>
    <ClCompile Include="..\game\eventqueue.cpp">
      <Filter>canary\game</Filter>
    </ClCompile>
    <ClCompile Include="..\win32\win_wndproc.cpp">
      <Filter>canary\win32</Filter>
    </ClCompile>
  </ItemGroup>
  <ItemGroup>
    <ClInclude Include="..\common\datetime.h">
      <Filter>canary\common</Filter>
    </ClInclude>
    <ClInclude Include="..\common\filesystem.h">
      <Filter>canary\common</Filter>
    </ClInclude>
    <ClInclude Include="..\common\ost_common.h">
      <Filter>canary\common</Filter>
    </ClInclude>
    <ClInclude Include="..\common\utility.h">
      <Filter>canary\common</Filter>
    </ClInclude>
    <ClInclude Include="..\game\eventqueue.h">
      <Filter>canary\game</Filter>
    </ClInclude>
    <ClInclude Include="..\win32\win_wndproc.h">
      <Filter>canary\win32</Filter>
    </ClInclude>
    <ClInclude Include="..\win32\win_input.h">
      <Filter>canary\win32</Filter>
    </ClInclude>
  </ItemGroup>
  <ItemGroup>
    <None Include="packages.config" />
  </ItemGroup>
  <ItemGroup>
    <Filter Include="targets">
      <UniqueIdentifier>{7a15e71d-419e-4b51-ab20-e8f1819386dc}</UniqueIdentifier>
    </Filter>
    <Filter Include="canary">
      <UniqueIdentifier>{4640e926-928c-4f98-98ab-34b2a262cc36}</UniqueIdentifier>
    </Filter>
    <Filter Include="canary\common">
      <UniqueIdentifier>{55978260-21aa-4f15-a146-05b6f0e7a311}</UniqueIdentifier>
    </Filter>
    <Filter Include="canary\common\win32">
      <UniqueIdentifier>{e9ef8579-5e02-4915-b1c0-2d87ed70bd83}</UniqueIdentifier>
    </Filter>
    <Filter Include="canary\game">
      <UniqueIdentifier>{bdae18fb-6cd0-420b-8560-cd9446056e60}</UniqueIdentifier>
    </Filter>
    <Filter Include="canary\win32">
      <UniqueIdentifier>{b0586fbe-5de7-4447-8ba5-ccd83d7efd02}</UniqueIdentifier>
    </Filter>
  </ItemGroup>
</Project>